
Microsoft Visual Studio Solution File, Format Version 12.00
# Visual Studio Version 17
VisualStudioVersion = 17.5.33516.290
MinimumVisualStudioVersion = 10.0.40219.1
Project("{FAE04EC0-301F-11D3-BF4B-00C04F79EFBC}") = "PapperAB", "PapperAB\PapperAB.csproj", "{4690095F-CFC9-40BF-B8DF-6C1FF1CF3BBB}"
EndProject
Global
	GlobalSection(SolutionConfigurationPlatforms) = preSolution
		Debug|Any CPU = Debug|Any CPU
		Release|Any CPU = Release|Any CPU
	EndGlobalSection
	GlobalSection(ProjectConfigurationPlatforms) = postSolution
		{4690095F-CFC9-40BF-B8DF-6C1FF1CF3BBB}.Debug|Any CPU.ActiveCfg = Debug|Any CPU
		{4690095F-CFC9-40BF-B8DF-6C1FF1CF3BBB}.Debug|Any CPU.Build.0 = Debug|Any CPU
		{4690095F-CFC9-40BF-B8DF-6C1FF1CF3BBB}.Release|Any CPU.ActiveCfg = Release|Any CPU
		{4690095F-CFC9-40BF-B8DF-6C1FF1CF3BBB}.Release|Any CPU.Build.0 = Release|Any CPU
	EndGlobalSection
	GlobalSection(SolutionProperties) = preSolution
		HideSolutionNode = FALSE
	EndGlobalSection
	GlobalSection(ExtensibilityGlobals) = postSolution
		SolutionGuid = {303DDD9E-B0C1-43FC-A681-930F2ADFA6AE}
	EndGlobalSection
EndGlobal
